
Microsoft Visual Studio Solution File, Format Version 12.00
# Visual Studio Version 17
VisualStudioVersion = 17.3.32901.215
MinimumVisualStudioVersion = 10.0.40219.1
Project("{FAE04EC0-301F-11D3-BF4B-00C04F79EFBC}") = "Exersice3_097", "Exersice3_097\Exersice3_097.csproj", "{2B92FE74-D953-43E8-94A3-52B81A2A8ABB}"
EndProject
Global
	GlobalSection(SolutionConfigurationPlatforms) = preSolution
		Debug|Any CPU = Debug|Any CPU
		Release|Any CPU = Release|Any CPU
	EndGlobalSection
	GlobalSection(ProjectConfigurationPlatforms) = postSolution
		{2B92FE74-D953-43E8-94A3-52B81A2A8ABB}.Debug|Any CPU.ActiveCfg = Debug|Any CPU
		{2B92FE74-D953-43E8-94A3-52B81A2A8ABB}.Debug|Any CPU.Build.0 = Debug|Any CPU
		{2B92FE74-D953-43E8-94A3-52B81A2A8ABB}.Release|Any CPU.ActiveCfg = Release|Any CPU
		{2B92FE74-D953-43E8-94A3-52B81A2A8ABB}.Release|Any CPU.Build.0 = Release|Any CPU
	EndGlobalSection
	GlobalSection(SolutionProperties) = preSolution
		HideSolutionNode = FALSE
	EndGlobalSection
	GlobalSection(ExtensibilityGlobals) = postSolution
		SolutionGuid = {768AC943-76E6-42EB-8321-58BC35E9F229}
	EndGlobalSection
EndGlobal
